
Microsoft Visual Studio Solution File, Format Version 12.00
# Visual Studio Version 16
VisualStudioVersion = 16.0.29519.181
MinimumVisualStudioVersion = 10.0.40219.1
Project("{FAE04EC0-301F-11D3-BF4B-00C04F79EFBC}") = "HospitalExam", "HospitalExam\HospitalExam.csproj", "{BD6E928B-E66E-4126-8151-A6E482222DF4}"
EndProject
Project("{FAE04EC0-301F-11D3-BF4B-00C04F79EFBC}") = "HospitalEmployees", "HospitalEmployees\HospitalEmployees.csproj", "{F790BC55-1AC7-4453-A27D-E11C25B75168}"
EndProject
Global
	GlobalSection(SolutionConfigurationPlatforms) = preSolution
		Debug|Any CPU = Debug|Any CPU
		Release|Any CPU = Release|Any CPU
	EndGlobalSection
	GlobalSection(ProjectConfigurationPlatforms) = postSolution
		{BD6E928B-E66E-4126-8151-A6E482222DF4}.Debug|Any CPU.ActiveCfg = Debug|Any CPU
		{BD6E928B-E66E-4126-8151-A6E482222DF4}.Debug|Any CPU.Build.0 = Debug|Any CPU
		{BD6E928B-E66E-4126-8151-A6E482222DF4}.Release|Any CPU.ActiveCfg = Release|Any CPU
		{BD6E928B-E66E-4126-8151-A6E482222DF4}.Release|Any CPU.Build.0 = Release|Any CPU
		{F790BC55-1AC7-4453-A27D-E11C25B75168}.Debug|Any CPU.ActiveCfg = Debug|Any CPU
		{F790BC55-1AC7-4453-A27D-E11C25B75168}.Debug|Any CPU.Build.0 = Debug|Any CPU
		{F790BC55-1AC7-4453-A27D-E11C25B75168}.Release|Any CPU.ActiveCfg = Release|Any CPU
		{F790BC55-1AC7-4453-A27D-E11C25B75168}.Release|Any CPU.Build.0 = Release|Any CPU
	EndGlobalSection
	GlobalSection(SolutionProperties) = preSolution
		HideSolutionNode = FALSE
	EndGlobalSection
	GlobalSection(ExtensibilityGlobals) = postSolution
		SolutionGuid = {749F9716-1017-4642-AA6E-9012C10FA9AE}
	EndGlobalSection
EndGlobal
